
Microsoft Visual Studio Solution File, Format Version 12.00
# Visual Studio Version 16
VisualStudioVersion = 16.0.29509.3
MinimumVisualStudioVersion = 10.0.40219.1
Project("{FAE04EC0-301F-11D3-BF4B-00C04F79EFBC}") = "TreinaWeb.Musicas.Web", "TreinaWeb.Musicas.Web\TreinaWeb.Musicas.Web.csproj", "{10006BE7-353C-4E6F-B799-25506CF467FB}"
EndProject
Project("{2150E333-8FDC-42A3-9474-1A3956D46DE8}") = "Dominio", "Dominio", "{DFE712AC-19A0-46D3-8715-3FD642C73DC0}"
EndProject
Project("{FAE04EC0-301F-11D3-BF4B-00C04F79EFBC}") = "TreinaWeb.Musicas.Dominio", "TreinaWeb.Musicas.Dominio\TreinaWeb.Musicas.Dominio.csproj", "{4F1AF8D7-0417-4D37-8882-2E111E6512D2}"
EndProject
Project("{2150E333-8FDC-42A3-9474-1A3956D46DE8}") = "AcessoDados", "AcessoDados", "{C5C53573-9E49-41AF-8C59-61A9EA9A3EA3}"
EndProject
Project("{FAE04EC0-301F-11D3-BF4B-00C04F79EFBC}") = "TrenaWeb.Musicas.AcessoDados.Entity", "TrenaWeb.Musicas.AcessoDados.Entity\TrenaWeb.Musicas.AcessoDados.Entity.csproj", "{2803CA5F-6D0A-42D1-95DC-520C63D32D88}"
EndProject
Project("{FAE04EC0-301F-11D3-BF4B-00C04F79EFBC}") = "TreinaWeb.Comum.Entity", "TreinaWeb.Comum.Entity\TreinaWeb.Comum.Entity.csproj", "{574A01C7-3E06-4E84-B285-E9F7CEC628AD}"
EndProject
Global
	GlobalSection(SolutionConfigurationPlatforms) = preSolution
		Debug|Any CPU = Debug|Any CPU
		Release|Any CPU = Release|Any CPU
	EndGlobalSection
	GlobalSection(ProjectConfigurationPlatforms) = postSolution
		{10006BE7-353C-4E6F-B799-25506CF467FB}.Debug|Any CPU.ActiveCfg = Debug|Any CPU
		{10006BE7-353C-4E6F-B799-25506CF467FB}.Debug|Any CPU.Build.0 = Debug|Any CPU
		{10006BE7-353C-4E6F-B799-25506CF467FB}.Release|Any CPU.ActiveCfg = Release|Any CPU
		{10006BE7-353C-4E6F-B799-25506CF467FB}.Release|Any CPU.Build.0 = Release|Any CPU
		{4F1AF8D7-0417-4D37-8882-2E111E6512D2}.Debug|Any CPU.ActiveCfg = Debug|Any CPU
		{4F1AF8D7-0417-4D37-8882-2E111E6512D2}.Debug|Any CPU.Build.0 = Debug|Any CPU
		{4F1AF8D7-0417-4D37-8882-2E111E6512D2}.Release|Any CPU.ActiveCfg = Release|Any CPU
		{4F1AF8D7-0417-4D37-8882-2E111E6512D2}.Release|Any CPU.Build.0 = Release|Any CPU
		{2803CA5F-6D0A-42D1-95DC-520C63D32D88}.Debug|Any CPU.ActiveCfg = Debug|Any CPU
		{2803CA5F-6D0A-42D1-95DC-520C63D32D88}.Debug|Any CPU.Build.0 = Debug|Any CPU
		{2803CA5F-6D0A-42D1-95DC-520C63D32D88}.Release|Any CPU.ActiveCfg = Release|Any CPU
		{2803CA5F-6D0A-42D1-95DC-520C63D32D88}.Release|Any CPU.Build.0 = Release|Any CPU
		{574A01C7-3E06-4E84-B285-E9F7CEC628AD}.Debug|Any CPU.ActiveCfg = Debug|Any CPU
		{574A01C7-3E06-4E84-B285-E9F7CEC628AD}.Debug|Any CPU.Build.0 = Debug|Any CPU
		{574A01C7-3E06-4E84-B285-E9F7CEC628AD}.Release|Any CPU.ActiveCfg = Release|Any CPU
		{574A01C7-3E06-4E84-B285-E9F7CEC628AD}.Release|Any CPU.Build.0 = Release|Any CPU
	EndGlobalSection
	GlobalSection(SolutionProperties) = preSolution
		HideSolutionNode = FALSE
	EndGlobalSection
	GlobalSection(NestedProjects) = preSolution
		{4F1AF8D7-0417-4D37-8882-2E111E6512D2} = {DFE712AC-19A0-46D3-8715-3FD642C73DC0}
		{2803CA5F-6D0A-42D1-95DC-520C63D32D88} = {C5C53573-9E49-41AF-8C59-61A9EA9A3EA3}
		{574A01C7-3E06-4E84-B285-E9F7CEC628AD} = {C5C53573-9E49-41AF-8C59-61A9EA9A3EA3}
	EndGlobalSection
	GlobalSection(ExtensibilityGlobals) = postSolution
		SolutionGuid = {809D4AE3-3152-4A98-9907-B82A994F4A85}
	EndGlobalSection
EndGlobal
